
Microsoft Visual Studio Solution File, Format Version 12.00
Project("{FAE04EC0-301F-11D3-BF4B-00C04F79EFBC}") = "BookMarketApp", "BookMarketApp\BookMarketApp.csproj", "{41981157-F0B5-4A45-BF30-EA6C89F9937A}"
EndProject
Project("{FAE04EC0-301F-11D3-BF4B-00C04F79EFBC}") = "MarketTests", "MarketTests\MarketTests.csproj", "{5EEF9B17-02F1-4CCB-9921-D069D61A6A2E}"
EndProject
Global
	GlobalSection(SolutionConfigurationPlatforms) = preSolution
		Debug|Any CPU = Debug|Any CPU
		Release|Any CPU = Release|Any CPU
	EndGlobalSection
	GlobalSection(ProjectConfigurationPlatforms) = postSolution
		{41981157-F0B5-4A45-BF30-EA6C89F9937A}.Debug|Any CPU.ActiveCfg = Debug|Any CPU
		{41981157-F0B5-4A45-BF30-EA6C89F9937A}.Debug|Any CPU.Build.0 = Debug|Any CPU
		{41981157-F0B5-4A45-BF30-EA6C89F9937A}.Release|Any CPU.ActiveCfg = Release|Any CPU
		{41981157-F0B5-4A45-BF30-EA6C89F9937A}.Release|Any CPU.Build.0 = Release|Any CPU
		{5EEF9B17-02F1-4CCB-9921-D069D61A6A2E}.Debug|Any CPU.ActiveCfg = Debug|Any CPU
		{5EEF9B17-02F1-4CCB-9921-D069D61A6A2E}.Debug|Any CPU.Build.0 = Debug|Any CPU
		{5EEF9B17-02F1-4CCB-9921-D069D61A6A2E}.Release|Any CPU.ActiveCfg = Release|Any CPU
		{5EEF9B17-02F1-4CCB-9921-D069D61A6A2E}.Release|Any CPU.Build.0 = Release|Any CPU
	EndGlobalSection
EndGlobal
